
Microsoft Visual Studio Solution File, Format Version 11.00
# Visual C++ Express 2010
Project("{8BC9CEB8-8B4A-11D0-8D11-00A0C91BC942}") = "bank-generic", "bank-generic\bank-generic.vcxproj", "{AE8B3687-21C7-4BA7-8D2D-88023B988630}"
EndProject
Global
	GlobalSection(SolutionConfigurationPlatforms) = preSolution
		Debug|Win32 = Debug|Win32
		Release|Win32 = Release|Win32
	EndGlobalSection
	GlobalSection(ProjectConfigurationPlatforms) = postSolution
		{AE8B3687-21C7-4BA7-8D2D-88023B988630}.Debug|Win32.ActiveCfg = Debug|Win32
		{AE8B3687-21C7-4BA7-8D2D-88023B988630}.Debug|Win32.Build.0 = Debug|Win32
		{AE8B3687-21C7-4BA7-8D2D-88023B988630}.Release|Win32.ActiveCfg = Release|Win32
		{AE8B3687-21C7-4BA7-8D2D-88023B988630}.Release|Win32.Build.0 = Release|Win32
	EndGlobalSection
	GlobalSection(SolutionProperties) = preSolution
		HideSolutionNode = FALSE
	EndGlobalSection
EndGlobal
