
Microsoft Visual Studio Solution File, Format Version 11.00
# Visual C++ Express 2010
Project("{8BC9CEB8-8B4A-11D0-8D11-00A0C91BC942}") = "viewer", "viewer\viewer.vcxproj", "{B31AD499-2D71-4A43-A80B-D95A828EFFBB}"
EndProject
Global
	GlobalSection(SolutionConfigurationPlatforms) = preSolution
		Debug|Win32 = Debug|Win32
		Release|Win32 = Release|Win32
	EndGlobalSection
	GlobalSection(ProjectConfigurationPlatforms) = postSolution
		{B31AD499-2D71-4A43-A80B-D95A828EFFBB}.Debug|Win32.ActiveCfg = Debug|Win32
		{B31AD499-2D71-4A43-A80B-D95A828EFFBB}.Debug|Win32.Build.0 = Debug|Win32
		{B31AD499-2D71-4A43-A80B-D95A828EFFBB}.Release|Win32.ActiveCfg = Release|Win32
		{B31AD499-2D71-4A43-A80B-D95A828EFFBB}.Release|Win32.Build.0 = Release|Win32
	EndGlobalSection
	GlobalSection(SolutionProperties) = preSolution
		HideSolutionNode = FALSE
	EndGlobalSection
EndGlobal
